
Microsoft Visual Studio Solution File, Format Version 12.00
# Visual Studio Version 16
VisualStudioVersion = 16.0.30804.86
MinimumVisualStudioVersion = 10.0.40219.1
Project("{FAE04EC0-301F-11D3-BF4B-00C04F79EFBC}") = "enumPractice", "enumPractice\enumPractice.csproj", "{B03F4C59-2D92-4470-A3E2-708BF02839D7}"
EndProject
Project("{FAE04EC0-301F-11D3-BF4B-00C04F79EFBC}") = "EnumPracticeTesting", "EnumPracticeTesting\EnumPracticeTesting.csproj", "{210C3F89-98EA-40CB-80E8-EBA040BE7251}"
EndProject
Global
	GlobalSection(SolutionConfigurationPlatforms) = preSolution
		Debug|Any CPU = Debug|Any CPU
		Release|Any CPU = Release|Any CPU
	EndGlobalSection
	GlobalSection(ProjectConfigurationPlatforms) = postSolution
		{B03F4C59-2D92-4470-A3E2-708BF02839D7}.Debug|Any CPU.ActiveCfg = Debug|Any CPU
		{B03F4C59-2D92-4470-A3E2-708BF02839D7}.Debug|Any CPU.Build.0 = Debug|Any CPU
		{B03F4C59-2D92-4470-A3E2-708BF02839D7}.Release|Any CPU.ActiveCfg = Release|Any CPU
		{B03F4C59-2D92-4470-A3E2-708BF02839D7}.Release|Any CPU.Build.0 = Release|Any CPU
		{210C3F89-98EA-40CB-80E8-EBA040BE7251}.Debug|Any CPU.ActiveCfg = Debug|Any CPU
		{210C3F89-98EA-40CB-80E8-EBA040BE7251}.Debug|Any CPU.Build.0 = Debug|Any CPU
		{210C3F89-98EA-40CB-80E8-EBA040BE7251}.Release|Any CPU.ActiveCfg = Release|Any CPU
		{210C3F89-98EA-40CB-80E8-EBA040BE7251}.Release|Any CPU.Build.0 = Release|Any CPU
	EndGlobalSection
	GlobalSection(SolutionProperties) = preSolution
		HideSolutionNode = FALSE
	EndGlobalSection
	GlobalSection(ExtensibilityGlobals) = postSolution
		SolutionGuid = {A5FC928F-8D2E-4EF9-8CDB-09911A6AE7E0}
	EndGlobalSection
EndGlobal
